// !$*UTF8*$!
{
	archiveVersion = 1;
	classes = {
	};
	objectVersion = 46;
	objects = {

/* Begin PBXBuildFile section */
		42222FB419835E460036CBC9 /* Foundation.framework in Frameworks */ = {isa = PBXBuildFile; fileRef = 42222FB319835E460036CBC9 /* Foundation.framework */; };
		42222FB619835E460036CBC9 /* CoreGraphics.framework in Frameworks */ = {isa = PBXBuildFile; fileRef = 42222FB519835E460036CBC9 /* CoreGraphics.framework */; };
		42222FB819835E460036CBC9 /* UIKit.framework in Frameworks */ = {isa = PBXBuildFile; fileRef = 42222FB719835E460036CBC9 /* UIKit.framework */; };
		42222FBE19835E460036CBC9 /* InfoPlist.strings in Resources */ = {isa = PBXBuildFile; fileRef = 42222FBC19835E460036CBC9 /* InfoPlist.strings */; };
		42222FC019835E460036CBC9 /* main.m in Sources */ = {isa = PBXBuildFile; fileRef = 42222FBF19835E460036CBC9 /* main.m */; };
		42222FC419835E460036CBC9 /* LDAppDelegate.m in Sources */ = {isa = PBXBuildFile; fileRef = 42222FC319835E460036CBC9 /* LDAppDelegate.m */; };
		42222FC719835E460036CBC9 /* Main.storyboard in Resources */ = {isa = PBXBuildFile; fileRef = 42222FC519835E460036CBC9 /* Main.storyboard */; };
		42222FCA19835E460036CBC9 /* LDViewController.m in Sources */ = {isa = PBXBuildFile; fileRef = 42222FC919835E460036CBC9 /* LDViewController.m */; };
		42222FCC19835E460036CBC9 /* Images.xcassets in Resources */ = {isa = PBXBuildFile; fileRef = 42222FCB19835E460036CBC9 /* Images.xcassets */; };
		42222FD319835E470036CBC9 /* XCTest.framework in Frameworks */ = {isa = PBXBuildFile; fileRef = 42222FD219835E470036CBC9 /* XCTest.framework */; };
		42222FD419835E470036CBC9 /* Foundation.framework in Frameworks */ = {isa = PBXBuildFile; fileRef = 42222FB319835E460036CBC9 /* Foundation.framework */; };
		42222FD519835E470036CBC9 /* UIKit.framework in Frameworks */ = {isa = PBXBuildFile; fileRef = 42222FB719835E460036CBC9 /* UIKit.framework */; };
		42222FDD19835E470036CBC9 /* InfoPlist.strings in Resources */ = {isa = PBXBuildFile; fileRef = 42222FDB19835E470036CBC9 /* InfoPlist.strings */; };
		42222FDF19835E470036CBC9 /* LukeDiaryTests.m in Sources */ = {isa = PBXBuildFile; fileRef = 42222FDE19835E470036CBC9 /* LukeDiaryTests.m */; };
		42222FEF19835F050036CBC9 /* LDDiaryEditorView.m in Sources */ = {isa = PBXBuildFile; fileRef = 42222FEE19835F050036CBC9 /* LDDiaryEditorView.m */; };
		42222FF2198373EA0036CBC9 /* background.png in Resources */ = {isa = PBXBuildFile; fileRef = 42222FF1198373EA0036CBC9 /* background.png */; };
		42222FF61983783F0036CBC9 /* background@2x.png in Resources */ = {isa = PBXBuildFile; fileRef = 42222FF31983783F0036CBC9 /* background@2x.png */; };
		42222FF71983783F0036CBC9 /* background-bottom.png in Resources */ = {isa = PBXBuildFile; fileRef = 42222FF41983783F0036CBC9 /* background-bottom.png */; };
		42222FF81983783F0036CBC9 /* background-bottom@2x.png in Resources */ = {isa = PBXBuildFile; fileRef = 42222FF51983783F0036CBC9 /* background-bottom@2x.png */; };
		42367FAC1984196A00B3EF5F /* pat.png in Resources */ = {isa = PBXBuildFile; fileRef = 42367FAB1984196A00B3EF5F /* pat.png */; };
		42367FB019841A0B00B3EF5F /* LDDiaryPaperViewController.m in Sources */ = {isa = PBXBuildFile; fileRef = 42367FAF19841A0B00B3EF5F /* LDDiaryPaperViewController.m */; };
		42367FB219841B4900B3EF5F /* pat@2x.png in Resources */ = {isa = PBXBuildFile; fileRef = 42367FB119841B4900B3EF5F /* pat@2x.png */; };
		4236E3E819838C3F00C6A8CC /* LDHistoryListCellView.m in Sources */ = {isa = PBXBuildFile; fileRef = 4236E3E719838C3F00C6A8CC /* LDHistoryListCellView.m */; };
		4236E3EB19838E0D00C6A8CC /* LDHistoryView.m in Sources */ = {isa = PBXBuildFile; fileRef = 4236E3EA19838E0D00C6A8CC /* LDHistoryView.m */; };
		4236E3F31983A7A600C6A8CC /* CoreLocation.framework in Frameworks */ = {isa = PBXBuildFile; fileRef = 4236E3F21983A7A600C6A8CC /* CoreLocation.framework */; };
		4236E3F41983AB5400C6A8CC /* MapKit.framework in Frameworks */ = {isa = PBXBuildFile; fileRef = 4236E3F01983A56500C6A8CC /* MapKit.framework */; };
/* End PBXBuildFile section */

/* Begin PBXContainerItemProxy section */
		42222FD619835E470036CBC9 /* PBXContainerItemProxy */ = {
			isa = PBXContainerItemProxy;
			containerPortal = 42222FA819835E460036CBC9 /* Project object */;
			proxyType = 1;
			remoteGlobalIDString = 42222FAF19835E460036CBC9;
			remoteInfo = LukeDiary;
		};
/* End PBXContainerItemProxy section */

/* Begin PBXFileReference section */
		42222FB019835E460036CBC9 /* LukeDiary.app */ = {isa = PBXFileReference; explicitFileType = wrapper.application; includeInIndex = 0; path = LukeDiary.app; sourceTree = BUILT_PRODUCTS_DIR; };
		42222FB319835E460036CBC9 /* Foundation.framework */ = {isa = PBXFileReference; lastKnownFileType = wrapper.framework; name = Foundation.framework; path = System/Library/Frameworks/Foundation.framework; sourceTree = SDKROOT; };
		42222FB519835E460036CBC9 /* CoreGraphics.framework */ = {isa = PBXFileReference; lastKnownFileType = wrapper.framework; name = CoreGraphics.framework; path = System/Library/Frameworks/CoreGraphics.framework; sourceTree = SDKROOT; };
		42222FB719835E460036CBC9 /* UIKit.framework */ = {isa = PBXFileReference; lastKnownFileType = wrapper.framework; name = UIKit.framework; path = System/Library/Frameworks/UIKit.framework; sourceTree = SDKROOT; };
		42222FBB19835E460036CBC9 /* LukeDiary-Info.plist */ = {isa = PBXFileReference; lastKnownFileType = text.plist.xml; path = "LukeDiary-Info.plist"; sourceTree = "<group>"; };
		42222FBD19835E460036CBC9 /* en */ = {isa = PBXFileReference; lastKnownFileType = text.plist.strings; name = en; path = en.lproj/InfoPlist.strings; sourceTree = "<group>"; };
		42222FBF19835E460036CBC9 /* main.m */ = {isa = PBXFileReference; lastKnownFileType = sourcecode.c.objc; path = main.m; sourceTree = "<group>"; };
		42222FC119835E460036CBC9 /* LukeDiary-Prefix.pch */ = {isa = PBXFileReference; lastKnownFileType = sourcecode.c.h; path = "LukeDiary-Prefix.pch"; sourceTree = "<group>"; };
		42222FC219835E460036CBC9 /* LDAppDelegate.h */ = {isa = PBXFileReference; lastKnownFileType = sourcecode.c.h; path = LDAppDelegate.h; sourceTree = "<group>"; };
		42222FC319835E460036CBC9 /* LDAppDelegate.m */ = {isa = PBXFileReference; lastKnownFileType = sourcecode.c.objc; path = LDAppDelegate.m; sourceTree = "<group>"; };
		42222FC619835E460036CBC9 /* Base */ = {isa = PBXFileReference; lastKnownFileType = file.storyboard; name = Base; path = Base.lproj/Main.storyboard; sourceTree = "<group>"; };
		42222FC819835E460036CBC9 /* LDViewController.h */ = {isa = PBXFileReference; lastKnownFileType = sourcecode.c.h; path = LDViewController.h; sourceTree = "<group>"; };
		42222FC919835E460036CBC9 /* LDViewController.m */ = {isa = PBXFileReference; lastKnownFileType = sourcecode.c.objc; path = LDViewController.m; sourceTree = "<group>"; };
		42222FCB19835E460036CBC9 /* Images.xcassets */ = {isa = PBXFileReference; lastKnownFileType = folder.assetcatalog; path = Images.xcassets; sourceTree = "<group>"; };
		42222FD119835E470036CBC9 /* LukeDiaryTests.xctest */ = {isa = PBXFileReference; explicitFileType = wrapper.cfbundle; includeInIndex = 0; path = LukeDiaryTests.xctest; sourceTree = BUILT_PRODUCTS_DIR; };
		42222FD219835E470036CBC9 /* XCTest.framework */ = {isa = PBXFileReference; lastKnownFileType = wrapper.framework; name = XCTest.framework; path = Library/Frameworks/XCTest.framework; sourceTree = DEVELOPER_DIR; };
		42222FDA19835E470036CBC9 /* LukeDiaryTests-Info.plist */ = {isa = PBXFileReference; lastKnownFileType = text.plist.xml; path = "LukeDiaryTests-Info.plist"; sourceTree = "<group>"; };
		42222FDC19835E470036CBC9 /* en */ = {isa = PBXFileReference; lastKnownFileType = text.plist.strings; name = en; path = en.lproj/InfoPlist.strings; sourceTree = "<group>"; };
		42222FDE19835E470036CBC9 /* LukeDiaryTests.m */ = {isa = PBXFileReference; lastKnownFileType = sourcecode.c.objc; path = LukeDiaryTests.m; sourceTree = "<group>"; };
		42222FED19835F050036CBC9 /* LDDiaryEditorView.h */ = {isa = PBXFileReference; fileEncoding = 4; lastKnownFileType = sourcecode.c.h; path = LDDiaryEditorView.h; sourceTree = "<group>"; };
		42222FEE19835F050036CBC9 /* LDDiaryEditorView.m */ = {isa = PBXFileReference; fileEncoding = 4; lastKnownFileType = sourcecode.c.objc; path = LDDiaryEditorView.m; sourceTree = "<group>"; };
		42222FF1198373EA0036CBC9 /* background.png */ = {isa = PBXFileReference; lastKnownFileType = image.png; path = background.png; sourceTree = "<group>"; };
		42222FF31983783F0036CBC9 /* background@2x.png */ = {isa = PBXFileReference; lastKnownFileType = image.png; path = "background@2x.png"; sourceTree = "<group>"; };
		42222FF41983783F0036CBC9 /* background-bottom.png */ = {isa = PBXFileReference; lastKnownFileType = image.png; path = "background-bottom.png"; sourceTree = "<group>"; };
		42222FF51983783F0036CBC9 /* background-bottom@2x.png */ = {isa = PBXFileReference; lastKnownFileType = image.png; path = "background-bottom@2x.png"; sourceTree = "<group>"; };
		42367FAB1984196A00B3EF5F /* pat.png */ = {isa = PBXFileReference; lastKnownFileType = image.png; path = pat.png; sourceTree = "<group>"; };
		42367FAE19841A0B00B3EF5F /* LDDiaryPaperViewController.h */ = {isa = PBXFileReference; fileEncoding = 4; lastKnownFileType = sourcecode.c.h; path = LDDiaryPaperViewController.h; sourceTree = "<group>"; };
		42367FAF19841A0B00B3EF5F /* LDDiaryPaperViewController.m */ = {isa = PBXFileReference; fileEncoding = 4; lastKnownFileType = sourcecode.c.objc; path = LDDiaryPaperViewController.m; sourceTree = "<group>"; };
		42367FB119841B4900B3EF5F /* pat@2x.png */ = {isa = PBXFileReference; lastKnownFileType = image.png; path = "pat@2x.png"; sourceTree = "<group>"; };
		4236E3E619838C3F00C6A8CC /* LDHistoryListCellView.h */ = {isa = PBXFileReference; fileEncoding = 4; lastKnownFileType = sourcecode.c.h; name = LDHistoryListCellView.h; path = history/LDHistoryListCellView.h; sourceTree = "<group>"; };
		4236E3E719838C3F00C6A8CC /* LDHistoryListCellView.m */ = {isa = PBXFileReference; fileEncoding = 4; lastKnownFileType = sourcecode.c.objc; name = LDHistoryListCellView.m; path = history/LDHistoryListCellView.m; sourceTree = "<group>"; };
		4236E3E919838E0D00C6A8CC /* LDHistoryView.h */ = {isa = PBXFileReference; fileEncoding = 4; lastKnownFileType = sourcecode.c.h; path = LDHistoryView.h; sourceTree = "<group>"; };
		4236E3EA19838E0D00C6A8CC /* LDHistoryView.m */ = {isa = PBXFileReference; fileEncoding = 4; lastKnownFileType = sourcecode.c.objc; path = LDHistoryView.m; sourceTree = "<group>"; };
		4236E3EF198396AF00C6A8CC /* LDDefines.h */ = {isa = PBXFileReference; lastKnownFileType = sourcecode.c.h; path = LDDefines.h; sourceTree = "<group>"; };
		4236E3F01983A56500C6A8CC /* MapKit.framework */ = {isa = PBXFileReference; lastKnownFileType = wrapper.framework; name = MapKit.framework; path = System/Library/Frameworks/MapKit.framework; sourceTree = SDKROOT; };
		4236E3F21983A7A600C6A8CC /* CoreLocation.framework */ = {isa = PBXFileReference; lastKnownFileType = wrapper.framework; name = CoreLocation.framework; path = System/Library/Frameworks/CoreLocation.framework; sourceTree = SDKROOT; };
/* End PBXFileReference section */

/* Begin PBXFrameworksBuildPhase section */
		42222FAD19835E460036CBC9 /* Frameworks */ = {
			isa = PBXFrameworksBuildPhase;
			buildActionMask = 2147483647;
			files = (
				4236E3F41983AB5400C6A8CC /* MapKit.framework in Frameworks */,
				4236E3F31983A7A600C6A8CC /* CoreLocation.framework in Frameworks */,
				42222FB619835E460036CBC9 /* CoreGraphics.framework in Frameworks */,
				42222FB819835E460036CBC9 /* UIKit.framework in Frameworks */,
				42222FB419835E460036CBC9 /* Foundation.framework in Frameworks */,
			);
			runOnlyForDeploymentPostprocessing = 0;
		};
		42222FCE19835E470036CBC9 /* Frameworks */ = {
			isa = PBXFrameworksBuildPhase;
			buildActionMask = 2147483647;
			files = (
				42222FD319835E470036CBC9 /* XCTest.framework in Frameworks */,
				42222FD519835E470036CBC9 /* UIKit.framework in Frameworks */,
				42222FD419835E470036CBC9 /* Foundation.framework in Frameworks */,
			);
			runOnlyForDeploymentPostprocessing = 0;
		};
/* End PBXFrameworksBuildPhase section */

/* Begin PBXGroup section */
		42222FA719835E460036CBC9 = {
			isa = PBXGroup;
			children = (
				42222FF0198373EA0036CBC9 /* UISource */,
				42222FE819835EC80036CBC9 /* Classes */,
				42222FB919835E460036CBC9 /* LukeDiary */,
				42222FD819835E470036CBC9 /* LukeDiaryTests */,
				42222FB219835E460036CBC9 /* Frameworks */,
				42222FB119835E460036CBC9 /* Products */,
			);
			sourceTree = "<group>";
		};
		42222FB119835E460036CBC9 /* Products */ = {
			isa = PBXGroup;
			children = (
				42222FB019835E460036CBC9 /* LukeDiary.app */,
				42222FD119835E470036CBC9 /* LukeDiaryTests.xctest */,
			);
			name = Products;
			sourceTree = "<group>";
		};
		42222FB219835E460036CBC9 /* Frameworks */ = {
			isa = PBXGroup;
			children = (
				4236E3F21983A7A600C6A8CC /* CoreLocation.framework */,
				4236E3F01983A56500C6A8CC /* MapKit.framework */,
				42222FB319835E460036CBC9 /* Foundation.framework */,
				42222FB519835E460036CBC9 /* CoreGraphics.framework */,
				42222FB719835E460036CBC9 /* UIKit.framework */,
				42222FD219835E470036CBC9 /* XCTest.framework */,
			);
			name = Frameworks;
			sourceTree = "<group>";
		};
		42222FB919835E460036CBC9 /* LukeDiary */ = {
			isa = PBXGroup;
			children = (
				42222FC219835E460036CBC9 /* LDAppDelegate.h */,
				42222FC319835E460036CBC9 /* LDAppDelegate.m */,
				42222FC519835E460036CBC9 /* Main.storyboard */,
				42222FC819835E460036CBC9 /* LDViewController.h */,
				42222FC919835E460036CBC9 /* LDViewController.m */,
				42222FCB19835E460036CBC9 /* Images.xcassets */,
				42222FBA19835E460036CBC9 /* Supporting Files */,
			);
			path = LukeDiary;
			sourceTree = "<group>";
		};
		42222FBA19835E460036CBC9 /* Supporting Files */ = {
			isa = PBXGroup;
			children = (
				42222FBB19835E460036CBC9 /* LukeDiary-Info.plist */,
				42222FBC19835E460036CBC9 /* InfoPlist.strings */,
				42222FBF19835E460036CBC9 /* main.m */,
				42222FC119835E460036CBC9 /* LukeDiary-Prefix.pch */,
			);
			name = "Supporting Files";
			sourceTree = "<group>";
		};
		42222FD819835E470036CBC9 /* LukeDiaryTests */ = {
			isa = PBXGroup;
			children = (
				42222FDE19835E470036CBC9 /* LukeDiaryTests.m */,
				42222FD919835E470036CBC9 /* Supporting Files */,
			);
			path = LukeDiaryTests;
			sourceTree = "<group>";
		};
		42222FD919835E470036CBC9 /* Supporting Files */ = {
			isa = PBXGroup;
			children = (
				42222FDA19835E470036CBC9 /* LukeDiaryTests-Info.plist */,
				42222FDB19835E470036CBC9 /* InfoPlist.strings */,
			);
			name = "Supporting Files";
			sourceTree = "<group>";
		};
		42222FE819835EC80036CBC9 /* Classes */ = {
			isa = PBXGroup;
			children = (
				42367FAD198419B500B3EF5F /* controllers */,
				42222FEC19835F050036CBC9 /* views */,
				4236E3EF198396AF00C6A8CC /* LDDefines.h */,
			);
			path = Classes;
			sourceTree = "<group>";
		};
		42222FEC19835F050036CBC9 /* views */ = {
			isa = PBXGroup;
			children = (
				42222FED19835F050036CBC9 /* LDDiaryEditorView.h */,
				42222FEE19835F050036CBC9 /* LDDiaryEditorView.m */,
				4236E3E619838C3F00C6A8CC /* LDHistoryListCellView.h */,
				4236E3E719838C3F00C6A8CC /* LDHistoryListCellView.m */,
				4236E3E919838E0D00C6A8CC /* LDHistoryView.h */,
				4236E3EA19838E0D00C6A8CC /* LDHistoryView.m */,
			);
			path = views;
			sourceTree = "<group>";
		};
		42222FF0198373EA0036CBC9 /* UISource */ = {
			isa = PBXGroup;
			children = (
				42367FB119841B4900B3EF5F /* pat@2x.png */,
				42367FAB1984196A00B3EF5F /* pat.png */,
				42222FF31983783F0036CBC9 /* background@2x.png */,
				42222FF41983783F0036CBC9 /* background-bottom.png */,
				42222FF51983783F0036CBC9 /* background-bottom@2x.png */,
				42222FF1198373EA0036CBC9 /* background.png */,
			);
			path = UISource;
			sourceTree = "<group>";
		};
		42367FAD198419B500B3EF5F /* controllers */ = {
			isa = PBXGroup;
			children = (
				42367FAE19841A0B00B3EF5F /* LDDiaryPaperViewController.h */,
				42367FAF19841A0B00B3EF5F /* LDDiaryPaperViewController.m */,
			);
			path = controllers;
			sourceTree = "<group>";
		};
/* End PBXGroup section */

/* Begin PBXNativeTarget section */
		42222FAF19835E460036CBC9 /* LukeDiary */ = {
			isa = PBXNativeTarget;
			buildConfigurationList = 42222FE219835E470036CBC9 /* Build configuration list for PBXNativeTarget "LukeDiary" */;
			buildPhases = (
				42222FAC19835E460036CBC9 /* Sources */,
				42222FAD19835E460036CBC9 /* Frameworks */,
				42222FAE19835E460036CBC9 /* Resources */,
			);
			buildRules = (
			);
			dependencies = (
			);
			name = LukeDiary;
			productName = LukeDiary;
			productReference = 42222FB019835E460036CBC9 /* LukeDiary.app */;
			productType = "com.apple.product-type.application";
		};
		42222FD019835E470036CBC9 /* LukeDiaryTests */ = {
			isa = PBXNativeTarget;
			buildConfigurationList = 42222FE519835E470036CBC9 /* Build configuration list for PBXNativeTarget "LukeDiaryTests" */;
			buildPhases = (
				42222FCD19835E470036CBC9 /* Sources */,
				42222FCE19835E470036CBC9 /* Frameworks */,
				42222FCF19835E470036CBC9 /* Resources */,
			);
			buildRules = (
			);
			dependencies = (
				42222FD719835E470036CBC9 /* PBXTargetDependency */,
			);
			name = LukeDiaryTests;
			productName = LukeDiaryTests;
			productReference = 42222FD119835E470036CBC9 /* LukeDiaryTests.xctest */;
			productType = "com.apple.product-type.bundle.unit-test";
		};
/* End PBXNativeTarget section */

/* Begin PBXProject section */
		42222FA819835E460036CBC9 /* Project object */ = {
			isa = PBXProject;
			attributes = {
				CLASSPREFIX = LD;
				LastUpgradeCheck = 0510;
				ORGANIZATIONNAME = "gem design";
				TargetAttributes = {
					42222FD019835E470036CBC9 = {
						TestTargetID = 42222FAF19835E460036CBC9;
					};
				};
			};
			buildConfigurationList = 42222FAB19835E460036CBC9 /* Build configuration list for PBXProject "LukeDiary" */;
			compatibilityVersion = "Xcode 3.2";
			developmentRegion = English;
			hasScannedForEncodings = 0;
			knownRegions = (
				en,
				Base,
			);
			mainGroup = 42222FA719835E460036CBC9;
			productRefGroup = 42222FB119835E460036CBC9 /* Products */;
			projectDirPath = "";
			projectRoot = "";
			targets = (
				42222FAF19835E460036CBC9 /* LukeDiary */,
				42222FD019835E470036CBC9 /* LukeDiaryTests */,
			);
		};
/* End PBXProject section */

/* Begin PBXResourcesBuildPhase section */
		42222FAE19835E460036CBC9 /* Resources */ = {
			isa = PBXResourcesBuildPhase;
			buildActionMask = 2147483647;
			files = (
				42222FCC19835E460036CBC9 /* Images.xcassets in Resources */,
				42367FB219841B4900B3EF5F /* pat@2x.png in Resources */,
				42222FF2198373EA0036CBC9 /* background.png in Resources */,
				42222FF81983783F0036CBC9 /* background-bottom@2x.png in Resources */,
				42222FF71983783F0036CBC9 /* background-bottom.png in Resources */,
				42222FBE19835E460036CBC9 /* InfoPlist.strings in Resources */,
				42222FF61983783F0036CBC9 /* background@2x.png in Resources */,
				42222FC719835E460036CBC9 /* Main.storyboard in Resources */,
				42367FAC1984196A00B3EF5F /* pat.png in Resources */,
			);
			runOnlyForDeploymentPostprocessing = 0;
		};
		42222FCF19835E470036CBC9 /* Resources */ = {
			isa = PBXResourcesBuildPhase;
			buildActionMask = 2147483647;
			files = (
				42222FDD19835E470036CBC9 /* InfoPlist.strings in Resources */,
			);
			runOnlyForDeploymentPostprocessing = 0;
		};
/* End PBXResourcesBuildPhase section */

/* Begin PBXSourcesBuildPhase section */
		42222FAC19835E460036CBC9 /* Sources */ = {
			isa = PBXSourcesBuildPhase;
			buildActionMask = 2147483647;
			files = (
				42222FC419835E460036CBC9 /* LDAppDelegate.m in Sources */,
				42222FEF19835F050036CBC9 /* LDDiaryEditorView.m in Sources */,
				4236E3E819838C3F00C6A8CC /* LDHistoryListCellView.m in Sources */,
				4236E3EB19838E0D00C6A8CC /* LDHistoryView.m in Sources */,
				42367FB019841A0B00B3EF5F /* LDDiaryPaperViewController.m in Sources */,
				42222FC019835E460036CBC9 /* main.m in Sources */,
				42222FCA19835E460036CBC9 /* LDViewController.m in Sources */,
			);
			runOnlyForDeploymentPostprocessing = 0;
		};
		42222FCD19835E470036CBC9 /* Sources */ = {
			isa = PBXSourcesBuildPhase;
			buildActionMask = 2147483647;
			files = (
				42222FDF19835E470036CBC9 /* LukeDiaryTests.m in Sources */,
			);
			runOnlyForDeploymentPostprocessing = 0;
		};
/* End PBXSourcesBuildPhase section */

/* Begin PBXTargetDependency section */
		42222FD719835E470036CBC9 /* PBXTargetDependency */ = {
			isa = PBXTargetDependency;
			target = 42222FAF19835E460036CBC9 /* LukeDiary */;
			targetProxy = 42222FD619835E470036CBC9 /* PBXContainerItemProxy */;
		};
/* End PBXTargetDependency section */

/* Begin PBXVariantGroup section */
		42222FBC19835E460036CBC9 /* InfoPlist.strings */ = {
			isa = PBXVariantGroup;
			children = (
				42222FBD19835E460036CBC9 /* en */,
			);
			name = InfoPlist.strings;
			sourceTree = "<group>";
		};
		42222FC519835E460036CBC9 /* Main.storyboard */ = {
			isa = PBXVariantGroup;
			children = (
				42222FC619835E460036CBC9 /* Base */,
			);
			name = Main.storyboard;
			sourceTree = "<group>";
		};
		42222FDB19835E470036CBC9 /* InfoPlist.strings */ = {
			isa = PBXVariantGroup;
			children = (
				42222FDC19835E470036CBC9 /* en */,
			);
			name = InfoPlist.strings;
			sourceTree = "<group>";
		};
/* End PBXVariantGroup section */

/* Begin XCBuildConfiguration section */
		42222FE019835E470036CBC9 /* Debug */ = {
			isa = XCBuildConfiguration;
			buildSettings = {
				ALWAYS_SEARCH_USER_PATHS = NO;
				CLANG_CXX_LANGUAGE_STANDARD = "gnu++0x";
				CLANG_CXX_LIBRARY = "libc++";
				CLANG_ENABLE_MODULES = YES;
				CLANG_ENABLE_OBJC_ARC = YES;
				CLANG_WARN_BOOL_CONVERSION = YES;
				CLANG_WARN_CONSTANT_CONVERSION = YES;
				CLANG_WARN_DIRECT_OBJC_ISA_USAGE = YES_ERROR;
				CLANG_WARN_EMPTY_BODY = YES;
				CLANG_WARN_ENUM_CONVERSION = YES;
				CLANG_WARN_INT_CONVERSION = YES;
				CLANG_WARN_OBJC_ROOT_CLASS = YES_ERROR;
				CLANG_WARN__DUPLICATE_METHOD_MATCH = YES;
				"CODE_SIGN_IDENTITY[sdk=iphoneos*]" = "iPhone Developer";
				COPY_PHASE_STRIP = NO;
				GCC_C_LANGUAGE_STANDARD = gnu99;
				GCC_DYNAMIC_NO_PIC = NO;
				GCC_OPTIMIZATION_LEVEL = 0;
				GCC_PREPROCESSOR_DEFINITIONS = (
					"DEBUG=1",
					"$(inherited)",
				);
				GCC_SYMBOLS_PRIVATE_EXTERN = NO;
				GCC_WARN_64_TO_32_BIT_CONVERSION = YES;
				GCC_WARN_ABOUT_RETURN_TYPE = YES_ERROR;
				GCC_WARN_UNDECLARED_SELECTOR = YES;
				GCC_WARN_UNINITIALIZED_AUTOS = YES_AGGRESSIVE;
				GCC_WARN_UNUSED_FUNCTION = YES;
				GCC_WARN_UNUSED_VARIABLE = YES;
				IPHONEOS_DEPLOYMENT_TARGET = 7.1;
				ONLY_ACTIVE_ARCH = YES;
				SDKROOT = iphoneos;
			};
			name = Debug;
		};
		42222FE119835E470036CBC9 /* Release */ = {
			isa = XCBuildConfiguration;
			buildSettings = {
				ALWAYS_SEARCH_USER_PATHS = NO;
				CLANG_CXX_LANGUAGE_STANDARD = "gnu++0x";
				CLANG_CXX_LIBRARY = "libc++";
				CLANG_ENABLE_MODULES = YES;
				CLANG_ENABLE_OBJC_ARC = YES;
				CLANG_WARN_BOOL_CONVERSION = YES;
				CLANG_WARN_CONSTANT_CONVERSION = YES;
				CLANG_WARN_DIRECT_OBJC_ISA_USAGE = YES_ERROR;
				CLANG_WARN_EMPTY_BODY = YES;
				CLANG_WARN_ENUM_CONVERSION = YES;
				CLANG_WARN_INT_CONVERSION = YES;
				CLANG_WARN_OBJC_ROOT_CLASS = YES_ERROR;
				CLANG_WARN__DUPLICATE_METHOD_MATCH = YES;
				"CODE_SIGN_IDENTITY[sdk=iphoneos*]" = "iPhone Developer";
				COPY_PHASE_STRIP = YES;
				ENABLE_NS_ASSERTIONS = NO;
				GCC_C_LANGUAGE_STANDARD = gnu99;
				GCC_WARN_64_TO_32_BIT_CONVERSION = YES;
				GCC_WARN_ABOUT_RETURN_TYPE = YES_ERROR;
				GCC_WARN_UNDECLARED_SELECTOR = YES;
				GCC_WARN_UNINITIALIZED_AUTOS = YES_AGGRESSIVE;
				GCC_WARN_UNUSED_FUNCTION = YES;
				GCC_WARN_UNUSED_VARIABLE = YES;
				IPHONEOS_DEPLOYMENT_TARGET = 7.1;
				SDKROOT = iphoneos;
				VALIDATE_PRODUCT = YES;
			};
			name = Release;
		};
		42222FE319835E470036CBC9 /* Debug */ = {
			isa = XCBuildConfiguration;
			buildSettings = {
				ASSETCATALOG_COMPILER_APPICON_NAME = AppIcon;
				ASSETCATALOG_COMPILER_LAUNCHIMAGE_NAME = LaunchImage;
				GCC_PRECOMPILE_PREFIX_HEADER = YES;
				GCC_PREFIX_HEADER = "LukeDiary/LukeDiary-Prefix.pch";
				INFOPLIST_FILE = "LukeDiary/LukeDiary-Info.plist";
				PRODUCT_NAME = "$(TARGET_NAME)";
				WRAPPER_EXTENSION = app;
			};
			name = Debug;
		};
		42222FE419835E470036CBC9 /* Release */ = {
			isa = XCBuildConfiguration;
			buildSettings = {
				ASSETCATALOG_COMPILER_APPICON_NAME = AppIcon;
				ASSETCATALOG_COMPILER_LAUNCHIMAGE_NAME = LaunchImage;
				GCC_PRECOMPILE_PREFIX_HEADER = YES;
				GCC_PREFIX_HEADER = "LukeDiary/LukeDiary-Prefix.pch";
				INFOPLIST_FILE = "LukeDiary/LukeDiary-Info.plist";
				PRODUCT_NAME = "$(TARGET_NAME)";
				WRAPPER_EXTENSION = app;
			};
			name = Release;
		};
		42222FE619835E470036CBC9 /* Debug */ = {
			isa = XCBuildConfiguration;
			buildSettings = {
				BUNDLE_LOADER = "$(BUILT_PRODUCTS_DIR)/LukeDiary.app/LukeDiary";
				FRAMEWORK_SEARCH_PATHS = (
					"$(SDKROOT)/Developer/Library/Frameworks",
					"$(inherited)",
					"$(DEVELOPER_FRAMEWORKS_DIR)",
				);
				GCC_PRECOMPILE_PREFIX_HEADER = YES;
				GCC_PREFIX_HEADER = "LukeDiary/LukeDiary-Prefix.pch";
				GCC_PREPROCESSOR_DEFINITIONS = (
					"DEBUG=1",
					"$(inherited)",
				);
				INFOPLIST_FILE = "LukeDiaryTests/LukeDiaryTests-Info.plist";
				PRODUCT_NAME = "$(TARGET_NAME)";
				TEST_HOST = "$(BUNDLE_LOADER)";
				WRAPPER_EXTENSION = xctest;
			};
			name = Debug;
		};
		42222FE719835E470036CBC9 /* Release */ = {
			isa = XCBuildConfiguration;
			buildSettings = {
				BUNDLE_LOADER = "$(BUILT_PRODUCTS_DIR)/LukeDiary.app/LukeDiary";
				FRAMEWORK_SEARCH_PATHS = (
					"$(SDKROOT)/Developer/Library/Frameworks",
					"$(inherited)",
					"$(DEVELOPER_FRAMEWORKS_DIR)",
				);
				GCC_PRECOMPILE_PREFIX_HEADER = YES;
				GCC_PREFIX_HEADER = "LukeDiary/LukeDiary-Prefix.pch";
				INFOPLIST_FILE = "LukeDiaryTests/LukeDiaryTests-Info.plist";
				PRODUCT_NAME = "$(TARGET_NAME)";
				TEST_HOST = "$(BUNDLE_LOADER)";
				WRAPPER_EXTENSION = xctest;
			};
			name = Release;
		};
/* End XCBuildConfiguration section */

/* Begin XCConfigurationList section */
		42222FAB19835E460036CBC9 /* Build configuration list for PBXProject "LukeDiary" */ = {
			isa = XCConfigurationList;
			buildConfigurations = (
				42222FE019835E470036CBC9 /* Debug */,
				42222FE119835E470036CBC9 /* Release */,
			);
			defaultConfigurationIsVisible = 0;
			defaultConfigurationName = Release;
		};
		42222FE219835E470036CBC9 /* Build configuration list for PBXNativeTarget "LukeDiary" */ = {
			isa = XCConfigurationList;
			buildConfigurations = (
				42222FE319835E470036CBC9 /* Debug */,
				42222FE419835E470036CBC9 /* Release */,
			);
			defaultConfigurationIsVisible = 0;
			defaultConfigurationName = Release;
		};
		42222FE519835E470036CBC9 /* Build configuration list for PBXNativeTarget "LukeDiaryTests" */ = {
			isa = XCConfigurationList;
			buildConfigurations = (
				42222FE619835E470036CBC9 /* Debug */,
				42222FE719835E470036CBC9 /* Release */,
			);
			defaultConfigurationIsVisible = 0;
			defaultConfigurationName = Release;
		};
/* End XCConfigurationList section */
	};
	rootObject = 42222FA819835E460036CBC9 /* Project object */;
}
